Microsoft Visual Studio Solution File, Format Version 12.00
# Visual Studio Version 17
VisualStudioVersion = 17.5.2.0
MinimumVisualStudioVersion = 10.0.40219.1
Project("{FAE04EC0-301F-11D3-BF4B-00C04F79EFBC}") = "Projetos.Faculdade.ATP1", "Projetos.Faculdade.ATP1.csproj", "{00FBE8DB-7A8F-19CE-A3E2-BF5EBAB32A93}"
EndProject
Global
	GlobalSection(SolutionConfigurationPlatforms) = preSolution
		Debug|Any CPU = Debug|Any CPU
		Release|Any CPU = Release|Any CPU
	EndGlobalSection
	GlobalSection(ProjectConfigurationPlatforms) = postSolution
		{00FBE8DB-7A8F-19CE-A3E2-BF5EBAB32A93}.Debug|Any CPU.ActiveCfg = Debug|Any CPU
		{00FBE8DB-7A8F-19CE-A3E2-BF5EBAB32A93}.Debug|Any CPU.Build.0 = Debug|Any CPU
		{00FBE8DB-7A8F-19CE-A3E2-BF5EBAB32A93}.Release|Any CPU.ActiveCfg = Release|Any CPU
		{00FBE8DB-7A8F-19CE-A3E2-BF5EBAB32A93}.Release|Any CPU.Build.0 = Release|Any CPU
	EndGlobalSection
	GlobalSection(SolutionProperties) = preSolution
		HideSolutionNode = FALSE
	EndGlobalSection
	GlobalSection(ExtensibilityGlobals) = postSolution
		SolutionGuid = {D6EDABA3-ABFD-4226-90D1-A7985BF58579}
	EndGlobalSection
EndGlobal
