Microsoft Visual Studio Solution File, Format Version 12.00
# Visual Studio Version 17
VisualStudioVersion = 17.5.2.0
MinimumVisualStudioVersion = 10.0.40219.1
Project("{FAE04EC0-301F-11D3-BF4B-00C04F79EFBC}") = "Projeto.ATP.Faculdade.4", "Projeto.ATP.Faculdade.4.csproj", "{CC85803F-8F64-3221-53A7-E46734138632}"
EndProject
Global
	GlobalSection(SolutionConfigurationPlatforms) = preSolution
		Debug|Any CPU = Debug|Any CPU
		Release|Any CPU = Release|Any CPU
	EndGlobalSection
	GlobalSection(ProjectConfigurationPlatforms) = postSolution
		{CC85803F-8F64-3221-53A7-E46734138632}.Debug|Any CPU.ActiveCfg = Debug|Any CPU
		{CC85803F-8F64-3221-53A7-E46734138632}.Debug|Any CPU.Build.0 = Debug|Any CPU
		{CC85803F-8F64-3221-53A7-E46734138632}.Release|Any CPU.ActiveCfg = Release|Any CPU
		{CC85803F-8F64-3221-53A7-E46734138632}.Release|Any CPU.Build.0 = Release|Any CPU
	EndGlobalSection
	GlobalSection(SolutionProperties) = preSolution
		HideSolutionNode = FALSE
	EndGlobalSection
	GlobalSection(ExtensibilityGlobals) = postSolution
		SolutionGuid = {A2DF4F94-C01D-4249-818E-46F515C70433}
	EndGlobalSection
EndGlobal
